
Microsoft Visual Studio Solution File, Format Version 12.00
# Visual Studio Version 16
VisualStudioVersion = 16.0.31321.278
MinimumVisualStudioVersion = 10.0.40219.1
Project("{8BC9CEB8-8B4A-11D0-8D11-00A0C91BC942}") = "SPbCT_Samoilov501_Laba15_16_2", "SPbCT_Samoilov501_Laba15_16_2\SPbCT_Samoilov501_Laba15_16_2.vcxproj", "{48896908-CC6A-4A3F-A56C-A47C264BD8D2}"
EndProject
Global
	GlobalSection(SolutionConfigurationPlatforms) = preSolution
		Debug|x64 = Debug|x64
		Debug|x86 = Debug|x86
		Release|x64 = Release|x64
		Release|x86 = Release|x86
	EndGlobalSection
	GlobalSection(ProjectConfigurationPlatforms) = postSolution
		{48896908-CC6A-4A3F-A56C-A47C264BD8D2}.Debug|x64.ActiveCfg = Debug|x64
		{48896908-CC6A-4A3F-A56C-A47C264BD8D2}.Debug|x64.Build.0 = Debug|x64
		{48896908-CC6A-4A3F-A56C-A47C264BD8D2}.Debug|x86.ActiveCfg = Debug|Win32
		{48896908-CC6A-4A3F-A56C-A47C264BD8D2}.Debug|x86.Build.0 = Debug|Win32
		{48896908-CC6A-4A3F-A56C-A47C264BD8D2}.Release|x64.ActiveCfg = Release|x64
		{48896908-CC6A-4A3F-A56C-A47C264BD8D2}.Release|x64.Build.0 = Release|x64
		{48896908-CC6A-4A3F-A56C-A47C264BD8D2}.Release|x86.ActiveCfg = Release|Win32
		{48896908-CC6A-4A3F-A56C-A47C264BD8D2}.Release|x86.Build.0 = Release|Win32
	EndGlobalSection
	GlobalSection(SolutionProperties) = preSolution
		HideSolutionNode = FALSE
	EndGlobalSection
	GlobalSection(ExtensibilityGlobals) = postSolution
		SolutionGuid = {33091429-5C71-44BE-8491-9675C2D6DB8B}
	EndGlobalSection
EndGlobal
